// !$*UTF8*$!
{
	archiveVersion = 1;
	classes = {
	};
	objectVersion = 55;
	objects = {

/* Begin PBXBuildFile section */
		A27468D62807C6E1003C277E /* AppleIconsReader.swift in Sources */ = {isa = PBXBuildFile; fileRef = A27468D52807C6E1003C277E /* AppleIconsReader.swift */; };
		A27468D82807C962003C277E /* AppleBuiltInIcons.json in Resources */ = {isa = PBXBuildFile; fileRef = A27468D72807C962003C277E /* AppleBuiltInIcons.json */; };
		A27468DA2807FAE3003C277E /* AppIconViewModel.swift in Sources */ = {isa = PBXBuildFile; fileRef = A27468D92807FAE3003C277E /* AppIconViewModel.swift */; };
		A27468DC2808119A003C277E /* AppIconDirectory.swift in Sources */ = {isa = PBXBuildFile; fileRef = A27468DB2808119A003C277E /* AppIconDirectory.swift */; };
		A27468DE2809079D003C277E /* ImageToIcon.swift in Sources */ = {isa = PBXBuildFile; fileRef = A27468DD2809079D003C277E /* ImageToIcon.swift */; };
		A27D158728071AD000D711D8 /* AphroditeApp.swift in Sources */ = {isa = PBXBuildFile; fileRef = A27D158628071AD000D711D8 /* AphroditeApp.swift */; };
		A27D158928071AD000D711D8 /* ContentView.swift in Sources */ = {isa = PBXBuildFile; fileRef = A27D158828071AD000D711D8 /* ContentView.swift */; };
		A27D158B28071AD100D711D8 /* Assets.xcassets in Resources */ = {isa = PBXBuildFile; fileRef = A27D158A28071AD100D711D8 /* Assets.xcassets */; };
		A27D158E28071AD100D711D8 /* Preview Assets.xcassets in Resources */ = {isa = PBXBuildFile; fileRef = A27D158D28071AD100D711D8 /* Preview Assets.xcassets */; };
		A27D159028071AD100D711D8 /* Persistence.swift in Sources */ = {isa = PBXBuildFile; fileRef = A27D158F28071AD100D711D8 /* Persistence.swift */; };
		A27D159328071AD100D711D8 /* Aphrodite.xcdatamodeld in Sources */ = {isa = PBXBuildFile; fileRef = A27D159128071AD100D711D8 /* Aphrodite.xcdatamodeld */; };
		A27D159B28071B7300D711D8 /* MainView.swift in Sources */ = {isa = PBXBuildFile; fileRef = A27D159A28071B7300D711D8 /* MainView.swift */; };
		A27D159E2807205500D711D8 /* IconRawImageImporter.swift in Sources */ = {isa = PBXBuildFile; fileRef = A27D159D2807205500D711D8 /* IconRawImageImporter.swift */; };
		A29BBB932807BC62003736B6 /* Icons.xcdatamodeld in Sources */ = {isa = PBXBuildFile; fileRef = A29BBB912807BC62003736B6 /* Icons.xcdatamodeld */; };
		A29BBB952807BD40003736B6 /* AppIconPersistence.swift in Sources */ = {isa = PBXBuildFile; fileRef = A29BBB942807BD40003736B6 /* AppIconPersistence.swift */; };
		A29BBB972807BDEB003736B6 /* AppIconPreview.swift in Sources */ = {isa = PBXBuildFile; fileRef = A29BBB962807BDEB003736B6 /* AppIconPreview.swift */; };
/* End PBXBuildFile section */

/* Begin PBXFileReference section */
		A27468D52807C6E1003C277E /* AppleIconsReader.swift */ = {isa = PBXFileReference; lastKnownFileType = sourcecode.swift; path = AppleIconsReader.swift; sourceTree = "<group>"; };
		A27468D72807C962003C277E /* AppleBuiltInIcons.json */ = {isa = PBXFileReference; fileEncoding = 4; lastKnownFileType = text.json; path = AppleBuiltInIcons.json; sourceTree = "<group>"; };
		A27468D92807FAE3003C277E /* AppIconViewModel.swift */ = {isa = PBXFileReference; lastKnownFileType = sourcecode.swift; path = AppIconViewModel.swift; sourceTree = "<group>"; };
		A27468DB2808119A003C277E /* AppIconDirectory.swift */ = {isa = PBXFileReference; lastKnownFileType = sourcecode.swift; path = AppIconDirectory.swift; sourceTree = "<group>"; };
		A27468DD2809079D003C277E /* ImageToIcon.swift */ = {isa = PBXFileReference; lastKnownFileType = sourcecode.swift; path = ImageToIcon.swift; sourceTree = "<group>"; };
		A27D158328071AD000D711D8 /* Aphrodite.app */ = {isa = PBXFileReference; explicitFileType = wrapper.application; includeInIndex = 0; path = Aphrodite.app; sourceTree = BUILT_PRODUCTS_DIR; };
		A27D158628071AD000D711D8 /* AphroditeApp.swift */ = {isa = PBXFileReference; lastKnownFileType = sourcecode.swift; path = AphroditeApp.swift; sourceTree = "<group>"; };
		A27D158828071AD000D711D8 /* ContentView.swift */ = {isa = PBXFileReference; lastKnownFileType = sourcecode.swift; path = ContentView.swift; sourceTree = "<group>"; };
		A27D158A28071AD100D711D8 /* Assets.xcassets */ = {isa = PBXFileReference; lastKnownFileType = folder.assetcatalog; path = Assets.xcassets; sourceTree = "<group>"; };
		A27D158D28071AD100D711D8 /* Preview Assets.xcassets */ = {isa = PBXFileReference; lastKnownFileType = folder.assetcatalog; path = "Preview Assets.xcassets"; sourceTree = "<group>"; };
		A27D158F28071AD100D711D8 /* Persistence.swift */ = {isa = PBXFileReference; lastKnownFileType = sourcecode.swift; path = Persistence.swift; sourceTree = "<group>"; };
		A27D159228071AD100D711D8 /* Aphrodite.xcdatamodel */ = {isa = PBXFileReference; lastKnownFileType = wrapper.xcdatamodel; path = Aphrodite.xcdatamodel; sourceTree = "<group>"; };
		A27D159428071AD100D711D8 /* Aphrodite.entitlements */ = {isa = PBXFileReference; lastKnownFileType = text.plist.entitlements; path = Aphrodite.entitlements; sourceTree = "<group>"; };
		A27D159A28071B7300D711D8 /* MainView.swift */ = {isa = PBXFileReference; lastKnownFileType = sourcecode.swift; path = MainView.swift; sourceTree = "<group>"; };
		A27D159D2807205500D711D8 /* IconRawImageImporter.swift */ = {isa = PBXFileReference; lastKnownFileType = sourcecode.swift; path = IconRawImageImporter.swift; sourceTree = "<group>"; };
		A29BBB922807BC62003736B6 /* Icons.xcdatamodel */ = {isa = PBXFileReference; lastKnownFileType = wrapper.xcdatamodel; path = Icons.xcdatamodel; sourceTree = "<group>"; };
		A29BBB942807BD40003736B6 /* AppIconPersistence.swift */ = {isa = PBXFileReference; lastKnownFileType = sourcecode.swift; path = AppIconPersistence.swift; sourceTree = "<group>"; };
		A29BBB962807BDEB003736B6 /* AppIconPreview.swift */ = {isa = PBXFileReference; lastKnownFileType = sourcecode.swift; path = AppIconPreview.swift; sourceTree = "<group>"; };
/* End PBXFileReference section */

/* Begin PBXFrameworksBuildPhase section */
		A27D158028071AD000D711D8 /* Frameworks */ = {
			isa = PBXFrameworksBuildPhase;
			buildActionMask = 2147483647;
			files = (
			);
			runOnlyForDeploymentPostprocessing = 0;
		};
/* End PBXFrameworksBuildPhase section */

/* Begin PBXGroup section */
		A27D157A28071AD000D711D8 = {
			isa = PBXGroup;
			children = (
				A27D158528071AD000D711D8 /* Aphrodite */,
				A27D158428071AD000D711D8 /* Products */,
			);
			sourceTree = "<group>";
		};
		A27D158428071AD000D711D8 /* Products */ = {
			isa = PBXGroup;
			children = (
				A27D158328071AD000D711D8 /* Aphrodite.app */,
			);
			name = Products;
			sourceTree = "<group>";
		};
		A27D158528071AD000D711D8 /* Aphrodite */ = {
			isa = PBXGroup;
			children = (
				A27D159C2807203200D711D8 /* IconGenerator */,
				A27D158628071AD000D711D8 /* AphroditeApp.swift */,
				A27D158828071AD000D711D8 /* ContentView.swift */,
				A27D158A28071AD100D711D8 /* Assets.xcassets */,
				A27D158F28071AD100D711D8 /* Persistence.swift */,
				A27D159428071AD100D711D8 /* Aphrodite.entitlements */,
				A27D159128071AD100D711D8 /* Aphrodite.xcdatamodeld */,
				A27D158C28071AD100D711D8 /* Preview Content */,
			);
			path = Aphrodite;
			sourceTree = "<group>";
		};
		A27D158C28071AD100D711D8 /* Preview Content */ = {
			isa = PBXGroup;
			children = (
				A27D158D28071AD100D711D8 /* Preview Assets.xcassets */,
			);
			path = "Preview Content";
			sourceTree = "<group>";
		};
		A27D159C2807203200D711D8 /* IconGenerator */ = {
			isa = PBXGroup;
			children = (
				A27468D72807C962003C277E /* AppleBuiltInIcons.json */,
				A27D159A28071B7300D711D8 /* MainView.swift */,
				A27468D92807FAE3003C277E /* AppIconViewModel.swift */,
				A27468DD2809079D003C277E /* ImageToIcon.swift */,
				A27D159D2807205500D711D8 /* IconRawImageImporter.swift */,
				A29BBB942807BD40003736B6 /* AppIconPersistence.swift */,
				A29BBB962807BDEB003736B6 /* AppIconPreview.swift */,
				A27468D52807C6E1003C277E /* AppleIconsReader.swift */,
				A27468DB2808119A003C277E /* AppIconDirectory.swift */,
				A29BBB912807BC62003736B6 /* Icons.xcdatamodeld */,
			);
			path = IconGenerator;
			sourceTree = "<group>";
		};
/* End PBXGroup section */

/* Begin PBXNativeTarget section */
		A27D158228071AD000D711D8 /* Aphrodite */ = {
			isa = PBXNativeTarget;
			buildConfigurationList = A27D159728071AD100D711D8 /* Build configuration list for PBXNativeTarget "Aphrodite" */;
			buildPhases = (
				A27D157F28071AD000D711D8 /* Sources */,
				A27D158028071AD000D711D8 /* Frameworks */,
				A27D158128071AD000D711D8 /* Resources */,
			);
			buildRules = (
			);
			dependencies = (
			);
			name = Aphrodite;
			productName = Aphrodite;
			productReference = A27D158328071AD000D711D8 /* Aphrodite.app */;
			productType = "com.apple.product-type.application";
		};
/* End PBXNativeTarget section */

/* Begin PBXProject section */
		A27D157B28071AD000D711D8 /* Project object */ = {
			isa = PBXProject;
			attributes = {
				BuildIndependentTargetsInParallel = 1;
				LastSwiftUpdateCheck = 1330;
				LastUpgradeCheck = 1330;
				TargetAttributes = {
					A27D158228071AD000D711D8 = {
						CreatedOnToolsVersion = 13.3.1;
					};
				};
			};
			buildConfigurationList = A27D157E28071AD000D711D8 /* Build configuration list for PBXProject "Aphrodite" */;
			compatibilityVersion = "Xcode 13.0";
			developmentRegion = en;
			hasScannedForEncodings = 0;
			knownRegions = (
				en,
				Base,
			);
			mainGroup = A27D157A28071AD000D711D8;
			productRefGroup = A27D158428071AD000D711D8 /* Products */;
			projectDirPath = "";
			projectRoot = "";
			targets = (
				A27D158228071AD000D711D8 /* Aphrodite */,
			);
		};
/* End PBXProject section */

/* Begin PBXResourcesBuildPhase section */
		A27D158128071AD000D711D8 /* Resources */ = {
			isa = PBXResourcesBuildPhase;
			buildActionMask = 2147483647;
			files = (
				A27D158E28071AD100D711D8 /* Preview Assets.xcassets in Resources */,
				A27468D82807C962003C277E /* AppleBuiltInIcons.json in Resources */,
				A27D158B28071AD100D711D8 /* Assets.xcassets in Resources */,
			);
			runOnlyForDeploymentPostprocessing = 0;
		};
/* End PBXResourcesBuildPhase section */

/* Begin PBXSourcesBuildPhase section */
		A27D157F28071AD000D711D8 /* Sources */ = {
			isa = PBXSourcesBuildPhase;
			buildActionMask = 2147483647;
			files = (
				A27D159028071AD100D711D8 /* Persistence.swift in Sources */,
				A27D159E2807205500D711D8 /* IconRawImageImporter.swift in Sources */,
				A27468D62807C6E1003C277E /* AppleIconsReader.swift in Sources */,
				A29BBB952807BD40003736B6 /* AppIconPersistence.swift in Sources */,
				A27468DC2808119A003C277E /* AppIconDirectory.swift in Sources */,
				A27D158928071AD000D711D8 /* ContentView.swift in Sources */,
				A29BBB932807BC62003736B6 /* Icons.xcdatamodeld in Sources */,
				A29BBB972807BDEB003736B6 /* AppIconPreview.swift in Sources */,
				A27468DE2809079D003C277E /* ImageToIcon.swift in Sources */,
				A27468DA2807FAE3003C277E /* AppIconViewModel.swift in Sources */,
				A27D159328071AD100D711D8 /* Aphrodite.xcdatamodeld in Sources */,
				A27D159B28071B7300D711D8 /* MainView.swift in Sources */,
				A27D158728071AD000D711D8 /* AphroditeApp.swift in Sources */,
			);
			runOnlyForDeploymentPostprocessing = 0;
		};
/* End PBXSourcesBuildPhase section */

/* Begin XCBuildConfiguration section */
		A27D159528071AD100D711D8 /* Debug */ = {
			isa = XCBuildConfiguration;
			buildSettings = {
				ALWAYS_SEARCH_USER_PATHS = NO;
				CLANG_ANALYZER_NONNULL = YES;
				CLANG_ANALYZER_NUMBER_OBJECT_CONVERSION = YES_AGGRESSIVE;
				CLANG_CXX_LANGUAGE_STANDARD = "gnu++17";
				CLANG_ENABLE_MODULES = YES;
				CLANG_ENABLE_OBJC_ARC = YES;
				CLANG_ENABLE_OBJC_WEAK = YES;
				CLANG_WARN_BLOCK_CAPTURE_AUTORELEASING = YES;
				CLANG_WARN_BOOL_CONVERSION = YES;
				CLANG_WARN_COMMA = YES;
				CLANG_WARN_CONSTANT_CONVERSION = YES;
				CLANG_WARN_DEPRECATED_OBJC_IMPLEMENTATIONS = YES;
				CLANG_WARN_DIRECT_OBJC_ISA_USAGE = YES_ERROR;
				CLANG_WARN_DOCUMENTATION_COMMENTS = YES;
				CLANG_WARN_EMPTY_BODY = YES;
				CLANG_WARN_ENUM_CONVERSION = YES;
				CLANG_WARN_INFINITE_RECURSION = YES;
				CLANG_WARN_INT_CONVERSION = YES;
				CLANG_WARN_NON_LITERAL_NULL_CONVERSION = YES;
				CLANG_WARN_OBJC_IMPLICIT_RETAIN_SELF = YES;
				CLANG_WARN_OBJC_LITERAL_CONVERSION = YES;
				CLANG_WARN_OBJC_ROOT_CLASS = YES_ERROR;
				CLANG_WARN_QUOTED_INCLUDE_IN_FRAMEWORK_HEADER = YES;
				CLANG_WARN_RANGE_LOOP_ANALYSIS = YES;
				CLANG_WARN_STRICT_PROTOTYPES = YES;
				CLANG_WARN_SUSPICIOUS_MOVE = YES;
				CLANG_WARN_UNGUARDED_AVAILABILITY = YES_AGGRESSIVE;
				CLANG_WARN_UNREACHABLE_CODE = YES;
				CLANG_WARN__DUPLICATE_METHOD_MATCH = YES;
				COPY_PHASE_STRIP = NO;
				DEBUG_INFORMATION_FORMAT = dwarf;
				ENABLE_STRICT_OBJC_MSGSEND = YES;
				ENABLE_TESTABILITY = YES;
				GCC_C_LANGUAGE_STANDARD = gnu11;
				GCC_DYNAMIC_NO_PIC = NO;
				GCC_NO_COMMON_BLOCKS = YES;
				GCC_OPTIMIZATION_LEVEL = 0;
				GCC_PREPROCESSOR_DEFINITIONS = (
					"DEBUG=1",
					"$(inherited)",
				);
				GCC_WARN_64_TO_32_BIT_CONVERSION = YES;
				GCC_WARN_ABOUT_RETURN_TYPE = YES_ERROR;
				GCC_WARN_UNDECLARED_SELECTOR = YES;
				GCC_WARN_UNINITIALIZED_AUTOS = YES_AGGRESSIVE;
				GCC_WARN_UNUSED_FUNCTION = YES;
				GCC_WARN_UNUSED_VARIABLE = YES;
				IPHONEOS_DEPLOYMENT_TARGET = 14.0;
				MACOSX_DEPLOYMENT_TARGET = 12.2;
				MTL_ENABLE_DEBUG_INFO = INCLUDE_SOURCE;
				MTL_FAST_MATH = YES;
				ONLY_ACTIVE_ARCH = YES;
				SDKROOT = macosx;
				SWIFT_ACTIVE_COMPILATION_CONDITIONS = DEBUG;
				SWIFT_OPTIMIZATION_LEVEL = "-Onone";
			};
			name = Debug;
		};
		A27D159628071AD100D711D8 /* Release */ = {
			isa = XCBuildConfiguration;
			buildSettings = {
				ALWAYS_SEARCH_USER_PATHS = NO;
				CLANG_ANALYZER_NONNULL = YES;
				CLANG_ANALYZER_NUMBER_OBJECT_CONVERSION = YES_AGGRESSIVE;
				CLANG_CXX_LANGUAGE_STANDARD = "gnu++17";
				CLANG_ENABLE_MODULES = YES;
				CLANG_ENABLE_OBJC_ARC = YES;
				CLANG_ENABLE_OBJC_WEAK = YES;
				CLANG_WARN_BLOCK_CAPTURE_AUTORELEASING = YES;
				CLANG_WARN_BOOL_CONVERSION = YES;
				CLANG_WARN_COMMA = YES;
				CLANG_WARN_CONSTANT_CONVERSION = YES;
				CLANG_WARN_DEPRECATED_OBJC_IMPLEMENTATIONS = YES;
				CLANG_WARN_DIRECT_OBJC_ISA_USAGE = YES_ERROR;
				CLANG_WARN_DOCUMENTATION_COMMENTS = YES;
				CLANG_WARN_EMPTY_BODY = YES;
				CLANG_WARN_ENUM_CONVERSION = YES;
				CLANG_WARN_INFINITE_RECURSION = YES;
				CLANG_WARN_INT_CONVERSION = YES;
				CLANG_WARN_NON_LITERAL_NULL_CONVERSION = YES;
				CLANG_WARN_OBJC_IMPLICIT_RETAIN_SELF = YES;
				CLANG_WARN_OBJC_LITERAL_CONVERSION = YES;
				CLANG_WARN_OBJC_ROOT_CLASS = YES_ERROR;
				CLANG_WARN_QUOTED_INCLUDE_IN_FRAMEWORK_HEADER = YES;
				CLANG_WARN_RANGE_LOOP_ANALYSIS = YES;
				CLANG_WARN_STRICT_PROTOTYPES = YES;
				CLANG_WARN_SUSPICIOUS_MOVE = YES;
				CLANG_WARN_UNGUARDED_AVAILABILITY = YES_AGGRESSIVE;
				CLANG_WARN_UNREACHABLE_CODE = YES;
				CLANG_WARN__DUPLICATE_METHOD_MATCH = YES;
				COPY_PHASE_STRIP = NO;
				DEBUG_INFORMATION_FORMAT = "dwarf-with-dsym";
				ENABLE_NS_ASSERTIONS = NO;
				ENABLE_STRICT_OBJC_MSGSEND = YES;
				GCC_C_LANGUAGE_STANDARD = gnu11;
				GCC_NO_COMMON_BLOCKS = YES;
				GCC_WARN_64_TO_32_BIT_CONVERSION = YES;
				GCC_WARN_ABOUT_RETURN_TYPE = YES_ERROR;
				GCC_WARN_UNDECLARED_SELECTOR = YES;
				GCC_WARN_UNINITIALIZED_AUTOS = YES_AGGRESSIVE;
				GCC_WARN_UNUSED_FUNCTION = YES;
				GCC_WARN_UNUSED_VARIABLE = YES;
				IPHONEOS_DEPLOYMENT_TARGET = 14.0;
				MACOSX_DEPLOYMENT_TARGET = 12.2;
				MTL_ENABLE_DEBUG_INFO = NO;
				MTL_FAST_MATH = YES;
				SDKROOT = macosx;
				SWIFT_COMPILATION_MODE = wholemodule;
				SWIFT_OPTIMIZATION_LEVEL = "-O";
			};
			name = Release;
		};
		A27D159828071AD100D711D8 /* Debug */ = {
			isa = XCBuildConfiguration;
			buildSettings = {
				ASSETCATALOG_COMPILER_APPICON_NAME = AppIcon;
				ASSETCATALOG_COMPILER_GLOBAL_ACCENT_COLOR_NAME = AccentColor;
				CODE_SIGN_ENTITLEMENTS = Aphrodite/Aphrodite.entitlements;
				CODE_SIGN_STYLE = Automatic;
				COMBINE_HIDPI_IMAGES = YES;
				CURRENT_PROJECT_VERSION = 1;
				DEVELOPMENT_ASSET_PATHS = "\"Aphrodite/Preview Content\"";
				DEVELOPMENT_TEAM = S7YAAK4XAE;
				ENABLE_HARDENED_RUNTIME = YES;
				ENABLE_PREVIEWS = YES;
				GENERATE_INFOPLIST_FILE = YES;
				INFOPLIST_KEY_NSPhotoLibraryUsageDescription = "Generator Icons From A Image";
				INFOPLIST_KEY_UIApplicationSceneManifest_Generation = YES;
				INFOPLIST_KEY_UIApplicationSupportsIndirectInputEvents = YES;
				"IPHONEOS_DEPLOYMENT_TARGET[sdk=macosx*]" = 14.6;
				LD_RUNPATH_SEARCH_PATHS = (
					"$(inherited)",
					"@executable_path/../Frameworks",
				);
				MARKETING_VERSION = 1.0;
				PRODUCT_BUNDLE_IDENTIFIER = com.tyrant.Aphrodite;
				PRODUCT_NAME = "$(TARGET_NAME)";
				SDKROOT = iphoneos;
				SUPPORTS_MACCATALYST = YES;
				SWIFT_EMIT_LOC_STRINGS = YES;
				SWIFT_VERSION = 5.0;
				TARGETED_DEVICE_FAMILY = "1,2";
			};
			name = Debug;
		};
		A27D159928071AD100D711D8 /* Release */ = {
			isa = XCBuildConfiguration;
			buildSettings = {
				ASSETCATALOG_COMPILER_APPICON_NAME = AppIcon;
				ASSETCATALOG_COMPILER_GLOBAL_ACCENT_COLOR_NAME = AccentColor;
				CODE_SIGN_ENTITLEMENTS = Aphrodite/Aphrodite.entitlements;
				CODE_SIGN_STYLE = Automatic;
				COMBINE_HIDPI_IMAGES = YES;
				CURRENT_PROJECT_VERSION = 1;
				DEVELOPMENT_ASSET_PATHS = "\"Aphrodite/Preview Content\"";
				DEVELOPMENT_TEAM = S7YAAK4XAE;
				ENABLE_HARDENED_RUNTIME = YES;
				ENABLE_PREVIEWS = YES;
				GENERATE_INFOPLIST_FILE = YES;
				INFOPLIST_KEY_NSPhotoLibraryUsageDescription = "Generator Icons From A Image";
				INFOPLIST_KEY_UIApplicationSceneManifest_Generation = YES;
				INFOPLIST_KEY_UIApplicationSupportsIndirectInputEvents = YES;
				"IPHONEOS_DEPLOYMENT_TARGET[sdk=macosx*]" = 14.6;
				LD_RUNPATH_SEARCH_PATHS = (
					"$(inherited)",
					"@executable_path/../Frameworks",
				);
				MARKETING_VERSION = 1.0;
				PRODUCT_BUNDLE_IDENTIFIER = com.tyrant.Aphrodite;
				PRODUCT_NAME = "$(TARGET_NAME)";
				SDKROOT = iphoneos;
				SUPPORTS_MACCATALYST = YES;
				SWIFT_EMIT_LOC_STRINGS = YES;
				SWIFT_VERSION = 5.0;
				TARGETED_DEVICE_FAMILY = "1,2";
			};
			name = Release;
		};
/* End XCBuildConfiguration section */

/* Begin XCConfigurationList section */
		A27D157E28071AD000D711D8 /* Build configuration list for PBXProject "Aphrodite" */ = {
			isa = XCConfigurationList;
			buildConfigurations = (
				A27D159528071AD100D711D8 /* Debug */,
				A27D159628071AD100D711D8 /* Release */,
			);
			defaultConfigurationIsVisible = 0;
			defaultConfigurationName = Release;
		};
		A27D159728071AD100D711D8 /* Build configuration list for PBXNativeTarget "Aphrodite" */ = {
			isa = XCConfigurationList;
			buildConfigurations = (
				A27D159828071AD100D711D8 /* Debug */,
				A27D159928071AD100D711D8 /* Release */,
			);
			defaultConfigurationIsVisible = 0;
			defaultConfigurationName = Release;
		};
/* End XCConfigurationList section */

/* Begin XCVersionGroup section */
		A27D159128071AD100D711D8 /* Aphrodite.xcdatamodeld */ = {
			isa = XCVersionGroup;
			children = (
				A27D159228071AD100D711D8 /* Aphrodite.xcdatamodel */,
			);
			currentVersion = A27D159228071AD100D711D8 /* Aphrodite.xcdatamodel */;
			path = Aphrodite.xcdatamodeld;
			sourceTree = "<group>";
			versionGroupType = wrapper.xcdatamodel;
		};
		A29BBB912807BC62003736B6 /* Icons.xcdatamodeld */ = {
			isa = XCVersionGroup;
			children = (
				A29BBB922807BC62003736B6 /* Icons.xcdatamodel */,
			);
			currentVersion = A29BBB922807BC62003736B6 /* Icons.xcdatamodel */;
			path = Icons.xcdatamodeld;
			sourceTree = "<group>";
			versionGroupType = wrapper.xcdatamodel;
		};
/* End XCVersionGroup section */
	};
	rootObject = A27D157B28071AD000D711D8 /* Project object */;
}
